
Microsoft Visual Studio Solution File, Format Version 12.00
# Visual Studio Version 17
VisualStudioVersion = 17.8.34309.116
MinimumVisualStudioVersion = 10.0.40219.1
Project("{FAE04EC0-301F-11D3-BF4B-00C04F79EFBC}") = "TelecomDashboard", "TelecomDashboard\TelecomDashboard.csproj", "{03A54744-3748-4883-A3C0-4DD0B3404267}"
EndProject
Global
	GlobalSection(SolutionConfigurationPlatforms) = preSolution
		Debug|Any CPU = Debug|Any CPU
		Release|Any CPU = Release|Any CPU
	EndGlobalSection
	GlobalSection(ProjectConfigurationPlatforms) = postSolution
		{03A54744-3748-4883-A3C0-4DD0B3404267}.Debug|Any CPU.ActiveCfg = Debug|Any CPU
		{03A54744-3748-4883-A3C0-4DD0B3404267}.Debug|Any CPU.Build.0 = Debug|Any CPU
		{03A54744-3748-4883-A3C0-4DD0B3404267}.Release|Any CPU.ActiveCfg = Release|Any CPU
		{03A54744-3748-4883-A3C0-4DD0B3404267}.Release|Any CPU.Build.0 = Release|Any CPU
	EndGlobalSection
	GlobalSection(SolutionProperties) = preSolution
		HideSolutionNode = FALSE
	EndGlobalSection
	GlobalSection(ExtensibilityGlobals) = postSolution
		SolutionGuid = {51A0483A-C505-4026-B89D-0A68B2F92B37}
	EndGlobalSection
EndGlobal
